
Microsoft Visual Studio Solution File, Format Version 12.00
# Visual Studio Version 16
VisualStudioVersion = 16.0.29009.5
MinimumVisualStudioVersion = 10.0.40219.1
Project("{FAE04EC0-301F-11D3-BF4B-00C04F79EFBC}") = "SuperAdventure", "SuperAdventure\SuperAdventure.csproj", "{D856EFFA-E78D-4834-8363-CE30AC805645}"
EndProject
Project("{FAE04EC0-301F-11D3-BF4B-00C04F79EFBC}") = "Engine", "Engine\Engine.csproj", "{71C464FD-B6C1-4B9E-AE17-E6979F4DD76D}"
EndProject
Global
	GlobalSection(SolutionConfigurationPlatforms) = preSolution
		Debug|Any CPU = Debug|Any CPU
		Release|Any CPU = Release|Any CPU
	EndGlobalSection
	GlobalSection(ProjectConfigurationPlatforms) = postSolution
		{D856EFFA-E78D-4834-8363-CE30AC805645}.Debug|Any CPU.ActiveCfg = Debug|Any CPU
		{D856EFFA-E78D-4834-8363-CE30AC805645}.Debug|Any CPU.Build.0 = Debug|Any CPU
		{D856EFFA-E78D-4834-8363-CE30AC805645}.Release|Any CPU.ActiveCfg = Release|Any CPU
		{D856EFFA-E78D-4834-8363-CE30AC805645}.Release|Any CPU.Build.0 = Release|Any CPU
		{71C464FD-B6C1-4B9E-AE17-E6979F4DD76D}.Debug|Any CPU.ActiveCfg = Debug|Any CPU
		{71C464FD-B6C1-4B9E-AE17-E6979F4DD76D}.Debug|Any CPU.Build.0 = Debug|Any CPU
		{71C464FD-B6C1-4B9E-AE17-E6979F4DD76D}.Release|Any CPU.ActiveCfg = Release|Any CPU
		{71C464FD-B6C1-4B9E-AE17-E6979F4DD76D}.Release|Any CPU.Build.0 = Release|Any CPU
	EndGlobalSection
	GlobalSection(SolutionProperties) = preSolution
		HideSolutionNode = FALSE
	EndGlobalSection
	GlobalSection(ExtensibilityGlobals) = postSolution
		SolutionGuid = {33F318D4-C258-4EFC-93ED-6666664655D5}
	EndGlobalSection
EndGlobal
